
Microsoft Visual Studio Solution File, Format Version 12.00
# Visual Studio Version 17
VisualStudioVersion = 17.2.32630.192
MinimumVisualStudioVersion = 10.0.40219.1
Project("{FAE04EC0-301F-11D3-BF4B-00C04F79EFBC}") = "csharpwindowsform", "csharpwindowsform\csharpwindowsform.csproj", "{C68ED636-5692-4D48-978E-8C655D580BB4}"
EndProject
Global
	GlobalSection(SolutionConfigurationPlatforms) = preSolution
		Debug|Any CPU = Debug|Any CPU
		Release|Any CPU = Release|Any CPU
	EndGlobalSection
	GlobalSection(ProjectConfigurationPlatforms) = postSolution
		{C68ED636-5692-4D48-978E-8C655D580BB4}.Debug|Any CPU.ActiveCfg = Debug|Any CPU
		{C68ED636-5692-4D48-978E-8C655D580BB4}.Debug|Any CPU.Build.0 = Debug|Any CPU
		{C68ED636-5692-4D48-978E-8C655D580BB4}.Release|Any CPU.ActiveCfg = Release|Any CPU
		{C68ED636-5692-4D48-978E-8C655D580BB4}.Release|Any CPU.Build.0 = Release|Any CPU
	EndGlobalSection
	GlobalSection(SolutionProperties) = preSolution
		HideSolutionNode = FALSE
	EndGlobalSection
	GlobalSection(ExtensibilityGlobals) = postSolution
		SolutionGuid = {21B20EC4-D04A-45DE-AE0B-7D5FF8556AB4}
	EndGlobalSection
EndGlobal
